// !$*UTF8*$!
{
	archiveVersion = 1;
	classes = {
	};
	objectVersion = 55;
	objects = {

/* Begin PBXBuildFile section */
		7F6FC3C728C6D5CB009A53D7 /* Shooting_GameApp.swift in Sources */ = {isa = PBXBuildFile; fileRef = 7F6FC3C628C6D5CB009A53D7 /* Shooting_GameApp.swift */; };
		7F6FC3C928C6D5CB009A53D7 /* ContentView.swift in Sources */ = {isa = PBXBuildFile; fileRef = 7F6FC3C828C6D5CB009A53D7 /* ContentView.swift */; };
		7F6FC3CB28C6D5CD009A53D7 /* Assets.xcassets in Resources */ = {isa = PBXBuildFile; fileRef = 7F6FC3CA28C6D5CD009A53D7 /* Assets.xcassets */; };
		7F6FC3CE28C6D5CD009A53D7 /* Preview Assets.xcassets in Resources */ = {isa = PBXBuildFile; fileRef = 7F6FC3CD28C6D5CD009A53D7 /* Preview Assets.xcassets */; };
		7F6FC3D528C6D8F5009A53D7 /* gameView.swift in Sources */ = {isa = PBXBuildFile; fileRef = 7F6FC3D428C6D8F5009A53D7 /* gameView.swift */; };
		7F6FC3D728C6D93E009A53D7 /* MotionManager1.swift in Sources */ = {isa = PBXBuildFile; fileRef = 7F6FC3D628C6D93E009A53D7 /* MotionManager1.swift */; };
		7F6FC3D928C6D95A009A53D7 /* MotionManager2.swift in Sources */ = {isa = PBXBuildFile; fileRef = 7F6FC3D828C6D95A009A53D7 /* MotionManager2.swift */; };
		7F6FC3DB28C6D96F009A53D7 /* ViewModel.swift in Sources */ = {isa = PBXBuildFile; fileRef = 7F6FC3DA28C6D96F009A53D7 /* ViewModel.swift */; };
		7F6FC3DD28C6D97F009A53D7 /* Random.swift in Sources */ = {isa = PBXBuildFile; fileRef = 7F6FC3DC28C6D97F009A53D7 /* Random.swift */; };
		7F6FC3DF28C6E974009A53D7 /* ResultView.swift in Sources */ = {isa = PBXBuildFile; fileRef = 7F6FC3DE28C6E974009A53D7 /* ResultView.swift */; };
/* End PBXBuildFile section */

/* Begin PBXFileReference section */
		7F6FC3C328C6D5CB009A53D7 /* Shooting Game.app */ = {isa = PBXFileReference; explicitFileType = wrapper.application; includeInIndex = 0; path = "Shooting Game.app"; sourceTree = BUILT_PRODUCTS_DIR; };
		7F6FC3C628C6D5CB009A53D7 /* Shooting_GameApp.swift */ = {isa = PBXFileReference; lastKnownFileType = sourcecode.swift; path = Shooting_GameApp.swift; sourceTree = "<group>"; };
		7F6FC3C828C6D5CB009A53D7 /* ContentView.swift */ = {isa = PBXFileReference; lastKnownFileType = sourcecode.swift; path = ContentView.swift; sourceTree = "<group>"; };
		7F6FC3CA28C6D5CD009A53D7 /* Assets.xcassets */ = {isa = PBXFileReference; lastKnownFileType = folder.assetcatalog; path = Assets.xcassets; sourceTree = "<group>"; };
		7F6FC3CD28C6D5CD009A53D7 /* Preview Assets.xcassets */ = {isa = PBXFileReference; lastKnownFileType = folder.assetcatalog; path = "Preview Assets.xcassets"; sourceTree = "<group>"; };
		7F6FC3D428C6D8F5009A53D7 /* gameView.swift */ = {isa = PBXFileReference; lastKnownFileType = sourcecode.swift; path = gameView.swift; sourceTree = "<group>"; };
		7F6FC3D628C6D93E009A53D7 /* MotionManager1.swift */ = {isa = PBXFileReference; lastKnownFileType = sourcecode.swift; path = MotionManager1.swift; sourceTree = "<group>"; };
		7F6FC3D828C6D95A009A53D7 /* MotionManager2.swift */ = {isa = PBXFileReference; lastKnownFileType = sourcecode.swift; path = MotionManager2.swift; sourceTree = "<group>"; };
		7F6FC3DA28C6D96F009A53D7 /* ViewModel.swift */ = {isa = PBXFileReference; lastKnownFileType = sourcecode.swift; path = ViewModel.swift; sourceTree = "<group>"; };
		7F6FC3DC28C6D97F009A53D7 /* Random.swift */ = {isa = PBXFileReference; lastKnownFileType = sourcecode.swift; path = Random.swift; sourceTree = "<group>"; };
		7F6FC3DE28C6E974009A53D7 /* ResultView.swift */ = {isa = PBXFileReference; lastKnownFileType = sourcecode.swift; path = ResultView.swift; sourceTree = "<group>"; };
/* End PBXFileReference section */

/* Begin PBXFrameworksBuildPhase section */
		7F6FC3C028C6D5CB009A53D7 /* Frameworks */ = {
			isa = PBXFrameworksBuildPhase;
			buildActionMask = 2147483647;
			files = (
			);
			runOnlyForDeploymentPostprocessing = 0;
		};
/* End PBXFrameworksBuildPhase section */

/* Begin PBXGroup section */
		7F6FC3BA28C6D5CB009A53D7 = {
			isa = PBXGroup;
			children = (
				7F6FC3C528C6D5CB009A53D7 /* Shooting Game */,
				7F6FC3C428C6D5CB009A53D7 /* Products */,
			);
			sourceTree = "<group>";
		};
		7F6FC3C428C6D5CB009A53D7 /* Products */ = {
			isa = PBXGroup;
			children = (
				7F6FC3C328C6D5CB009A53D7 /* Shooting Game.app */,
			);
			name = Products;
			sourceTree = "<group>";
		};
		7F6FC3C528C6D5CB009A53D7 /* Shooting Game */ = {
			isa = PBXGroup;
			children = (
				7F6FC3C628C6D5CB009A53D7 /* Shooting_GameApp.swift */,
				7F6FC3C828C6D5CB009A53D7 /* ContentView.swift */,
				7F6FC3D428C6D8F5009A53D7 /* gameView.swift */,
				7F6FC3DE28C6E974009A53D7 /* ResultView.swift */,
				7F6FC3D628C6D93E009A53D7 /* MotionManager1.swift */,
				7F6FC3D828C6D95A009A53D7 /* MotionManager2.swift */,
				7F6FC3DA28C6D96F009A53D7 /* ViewModel.swift */,
				7F6FC3DC28C6D97F009A53D7 /* Random.swift */,
				7F6FC3CA28C6D5CD009A53D7 /* Assets.xcassets */,
				7F6FC3CC28C6D5CD009A53D7 /* Preview Content */,
			);
			path = "Shooting Game";
			sourceTree = "<group>";
		};
		7F6FC3CC28C6D5CD009A53D7 /* Preview Content */ = {
			isa = PBXGroup;
			children = (
				7F6FC3CD28C6D5CD009A53D7 /* Preview Assets.xcassets */,
			);
			path = "Preview Content";
			sourceTree = "<group>";
		};
/* End PBXGroup section */

/* Begin PBXNativeTarget section */
		7F6FC3C228C6D5CB009A53D7 /* Shooting Game */ = {
			isa = PBXNativeTarget;
			buildConfigurationList = 7F6FC3D128C6D5CD009A53D7 /* Build configuration list for PBXNativeTarget "Shooting Game" */;
			buildPhases = (
				7F6FC3BF28C6D5CB009A53D7 /* Sources */,
				7F6FC3C028C6D5CB009A53D7 /* Frameworks */,
				7F6FC3C128C6D5CB009A53D7 /* Resources */,
			);
			buildRules = (
			);
			dependencies = (
			);
			name = "Shooting Game";
			productName = "Shooting Game";
			productReference = 7F6FC3C328C6D5CB009A53D7 /* Shooting Game.app */;
			productType = "com.apple.product-type.application";
		};
/* End PBXNativeTarget section */

/* Begin PBXProject section */
		7F6FC3BB28C6D5CB009A53D7 /* Project object */ = {
			isa = PBXProject;
			attributes = {
				BuildIndependentTargetsInParallel = 1;
				LastSwiftUpdateCheck = 1340;
				LastUpgradeCheck = 1340;
				TargetAttributes = {
					7F6FC3C228C6D5CB009A53D7 = {
						CreatedOnToolsVersion = 13.4.1;
					};
				};
			};
			buildConfigurationList = 7F6FC3BE28C6D5CB009A53D7 /* Build configuration list for PBXProject "Shooting Game" */;
			compatibilityVersion = "Xcode 13.0";
			developmentRegion = en;
			hasScannedForEncodings = 0;
			knownRegions = (
				en,
				Base,
			);
			mainGroup = 7F6FC3BA28C6D5CB009A53D7;
			productRefGroup = 7F6FC3C428C6D5CB009A53D7 /* Products */;
			projectDirPath = "";
			projectRoot = "";
			targets = (
				7F6FC3C228C6D5CB009A53D7 /* Shooting Game */,
			);
		};
/* End PBXProject section */

/* Begin PBXResourcesBuildPhase section */
		7F6FC3C128C6D5CB009A53D7 /* Resources */ = {
			isa = PBXResourcesBuildPhase;
			buildActionMask = 2147483647;
			files = (
				7F6FC3CE28C6D5CD009A53D7 /* Preview Assets.xcassets in Resources */,
				7F6FC3CB28C6D5CD009A53D7 /* Assets.xcassets in Resources */,
			);
			runOnlyForDeploymentPostprocessing = 0;
		};
/* End PBXResourcesBuildPhase section */

/* Begin PBXSourcesBuildPhase section */
		7F6FC3BF28C6D5CB009A53D7 /* Sources */ = {
			isa = PBXSourcesBuildPhase;
			buildActionMask = 2147483647;
			files = (
				7F6FC3D928C6D95A009A53D7 /* MotionManager2.swift in Sources */,
				7F6FC3D528C6D8F5009A53D7 /* gameView.swift in Sources */,
				7F6FC3D728C6D93E009A53D7 /* MotionManager1.swift in Sources */,
				7F6FC3C928C6D5CB009A53D7 /* ContentView.swift in Sources */,
				7F6FC3DB28C6D96F009A53D7 /* ViewModel.swift in Sources */,
				7F6FC3DF28C6E974009A53D7 /* ResultView.swift in Sources */,
				7F6FC3C728C6D5CB009A53D7 /* Shooting_GameApp.swift in Sources */,
				7F6FC3DD28C6D97F009A53D7 /* Random.swift in Sources */,
			);
			runOnlyForDeploymentPostprocessing = 0;
		};
/* End PBXSourcesBuildPhase section */

/* Begin XCBuildConfiguration section */
		7F6FC3CF28C6D5CD009A53D7 /* Debug */ = {
			isa = XCBuildConfiguration;
			buildSettings = {
				ALWAYS_SEARCH_USER_PATHS = NO;
				CLANG_ANALYZER_NONNULL = YES;
				CLANG_ANALYZER_NUMBER_OBJECT_CONVERSION = YES_AGGRESSIVE;
				CLANG_CXX_LANGUAGE_STANDARD = "gnu++17";
				CLANG_ENABLE_MODULES = YES;
				CLANG_ENABLE_OBJC_ARC = YES;
				CLANG_ENABLE_OBJC_WEAK = YES;
				CLANG_WARN_BLOCK_CAPTURE_AUTORELEASING = YES;
				CLANG_WARN_BOOL_CONVERSION = YES;
				CLANG_WARN_COMMA = YES;
				CLANG_WARN_CONSTANT_CONVERSION = YES;
				CLANG_WARN_DEPRECATED_OBJC_IMPLEMENTATIONS = YES;
				CLANG_WARN_DIRECT_OBJC_ISA_USAGE = YES_ERROR;
				CLANG_WARN_DOCUMENTATION_COMMENTS = YES;
				CLANG_WARN_EMPTY_BODY = YES;
				CLANG_WARN_ENUM_CONVERSION = YES;
				CLANG_WARN_INFINITE_RECURSION = YES;
				CLANG_WARN_INT_CONVERSION = YES;
				CLANG_WARN_NON_LITERAL_NULL_CONVERSION = YES;
				CLANG_WARN_OBJC_IMPLICIT_RETAIN_SELF = YES;
				CLANG_WARN_OBJC_LITERAL_CONVERSION = YES;
				CLANG_WARN_OBJC_ROOT_CLASS = YES_ERROR;
				CLANG_WARN_QUOTED_INCLUDE_IN_FRAMEWORK_HEADER = YES;
				CLANG_WARN_RANGE_LOOP_ANALYSIS = YES;
				CLANG_WARN_STRICT_PROTOTYPES = YES;
				CLANG_WARN_SUSPICIOUS_MOVE = YES;
				CLANG_WARN_UNGUARDED_AVAILABILITY = YES_AGGRESSIVE;
				CLANG_WARN_UNREACHABLE_CODE = YES;
				CLANG_WARN__DUPLICATE_METHOD_MATCH = YES;
				COPY_PHASE_STRIP = NO;
				DEBUG_INFORMATION_FORMAT = dwarf;
				ENABLE_STRICT_OBJC_MSGSEND = YES;
				ENABLE_TESTABILITY = YES;
				GCC_C_LANGUAGE_STANDARD = gnu11;
				GCC_DYNAMIC_NO_PIC = NO;
				GCC_NO_COMMON_BLOCKS = YES;
				GCC_OPTIMIZATION_LEVEL = 0;
				GCC_PREPROCESSOR_DEFINITIONS = (
					"DEBUG=1",
					"$(inherited)",
				);
				GCC_WARN_64_TO_32_BIT_CONVERSION = YES;
				GCC_WARN_ABOUT_RETURN_TYPE = YES_ERROR;
				GCC_WARN_UNDECLARED_SELECTOR = YES;
				GCC_WARN_UNINITIALIZED_AUTOS = YES_AGGRESSIVE;
				GCC_WARN_UNUSED_FUNCTION = YES;
				GCC_WARN_UNUSED_VARIABLE = YES;
				IPHONEOS_DEPLOYMENT_TARGET = 15.5;
				MTL_ENABLE_DEBUG_INFO = INCLUDE_SOURCE;
				MTL_FAST_MATH = YES;
				ONLY_ACTIVE_ARCH = YES;
				SDKROOT = iphoneos;
				SWIFT_ACTIVE_COMPILATION_CONDITIONS = DEBUG;
				SWIFT_OPTIMIZATION_LEVEL = "-Onone";
			};
			name = Debug;
		};
		7F6FC3D028C6D5CD009A53D7 /* Release */ = {
			isa = XCBuildConfiguration;
			buildSettings = {
				ALWAYS_SEARCH_USER_PATHS = NO;
				CLANG_ANALYZER_NONNULL = YES;
				CLANG_ANALYZER_NUMBER_OBJECT_CONVERSION = YES_AGGRESSIVE;
				CLANG_CXX_LANGUAGE_STANDARD = "gnu++17";
				CLANG_ENABLE_MODULES = YES;
				CLANG_ENABLE_OBJC_ARC = YES;
				CLANG_ENABLE_OBJC_WEAK = YES;
				CLANG_WARN_BLOCK_CAPTURE_AUTORELEASING = YES;
				CLANG_WARN_BOOL_CONVERSION = YES;
				CLANG_WARN_COMMA = YES;
				CLANG_WARN_CONSTANT_CONVERSION = YES;
				CLANG_WARN_DEPRECATED_OBJC_IMPLEMENTATIONS = YES;
				CLANG_WARN_DIRECT_OBJC_ISA_USAGE = YES_ERROR;
				CLANG_WARN_DOCUMENTATION_COMMENTS = YES;
				CLANG_WARN_EMPTY_BODY = YES;
				CLANG_WARN_ENUM_CONVERSION = YES;
				CLANG_WARN_INFINITE_RECURSION = YES;
				CLANG_WARN_INT_CONVERSION = YES;
				CLANG_WARN_NON_LITERAL_NULL_CONVERSION = YES;
				CLANG_WARN_OBJC_IMPLICIT_RETAIN_SELF = YES;
				CLANG_WARN_OBJC_LITERAL_CONVERSION = YES;
				CLANG_WARN_OBJC_ROOT_CLASS = YES_ERROR;
				CLANG_WARN_QUOTED_INCLUDE_IN_FRAMEWORK_HEADER = YES;
				CLANG_WARN_RANGE_LOOP_ANALYSIS = YES;
				CLANG_WARN_STRICT_PROTOTYPES = YES;
				CLANG_WARN_SUSPICIOUS_MOVE = YES;
				CLANG_WARN_UNGUARDED_AVAILABILITY = YES_AGGRESSIVE;
				CLANG_WARN_UNREACHABLE_CODE = YES;
				CLANG_WARN__DUPLICATE_METHOD_MATCH = YES;
				COPY_PHASE_STRIP = NO;
				DEBUG_INFORMATION_FORMAT = "dwarf-with-dsym";
				ENABLE_NS_ASSERTIONS = NO;
				ENABLE_STRICT_OBJC_MSGSEND = YES;
				GCC_C_LANGUAGE_STANDARD = gnu11;
				GCC_NO_COMMON_BLOCKS = YES;
				GCC_WARN_64_TO_32_BIT_CONVERSION = YES;
				GCC_WARN_ABOUT_RETURN_TYPE = YES_ERROR;
				GCC_WARN_UNDECLARED_SELECTOR = YES;
				GCC_WARN_UNINITIALIZED_AUTOS = YES_AGGRESSIVE;
				GCC_WARN_UNUSED_FUNCTION = YES;
				GCC_WARN_UNUSED_VARIABLE = YES;
				IPHONEOS_DEPLOYMENT_TARGET = 15.5;
				MTL_ENABLE_DEBUG_INFO = NO;
				MTL_FAST_MATH = YES;
				SDKROOT = iphoneos;
				SWIFT_COMPILATION_MODE = wholemodule;
				SWIFT_OPTIMIZATION_LEVEL = "-O";
				VALIDATE_PRODUCT = YES;
			};
			name = Release;
		};
		7F6FC3D228C6D5CD009A53D7 /* Debug */ = {
			isa = XCBuildConfiguration;
			buildSettings = {
				ASSETCATALOG_COMPILER_APPICON_NAME = AppIcon;
				ASSETCATALOG_COMPILER_GLOBAL_ACCENT_COLOR_NAME = AccentColor;
				CODE_SIGN_STYLE = Automatic;
				CURRENT_PROJECT_VERSION = 1;
				DEVELOPMENT_ASSET_PATHS = "\"Shooting Game/Preview Content\"";
				DEVELOPMENT_TEAM = 6J545B82JH;
				ENABLE_PREVIEWS = YES;
				GENERATE_INFOPLIST_FILE = YES;
				INFOPLIST_KEY_UIApplicationSceneManifest_Generation = YES;
				INFOPLIST_KEY_UIApplicationSupportsIndirectInputEvents = YES;
				INFOPLIST_KEY_UILaunchScreen_Generation = YES;
				INFOPLIST_KEY_UISupportedInterfaceOrientations_iPad = "UIInterfaceOrientationPortrait UIInterfaceOrientationPortraitUpsideDown UIInterfaceOrientationLandscapeLeft UIInterfaceOrientationLandscapeRight";
				INFOPLIST_KEY_UISupportedInterfaceOrientations_iPhone = "UIInterfaceOrientationPortrait UIInterfaceOrientationLandscapeLeft UIInterfaceOrientationLandscapeRight";
				LD_RUNPATH_SEARCH_PATHS = (
					"$(inherited)",
					"@executable_path/Frameworks",
				);
				MARKETING_VERSION = 1.0;
				PRODUCT_BUNDLE_IDENTIFIER = "jp.ac.jec.cm.Shooting-Game";
				PRODUCT_NAME = "$(TARGET_NAME)";
				SWIFT_EMIT_LOC_STRINGS = YES;
				SWIFT_VERSION = 5.0;
				TARGETED_DEVICE_FAMILY = "1,2";
			};
			name = Debug;
		};
		7F6FC3D328C6D5CD009A53D7 /* Release */ = {
			isa = XCBuildConfiguration;
			buildSettings = {
				ASSETCATALOG_COMPILER_APPICON_NAME = AppIcon;
				ASSETCATALOG_COMPILER_GLOBAL_ACCENT_COLOR_NAME = AccentColor;
				CODE_SIGN_STYLE = Automatic;
				CURRENT_PROJECT_VERSION = 1;
				DEVELOPMENT_ASSET_PATHS = "\"Shooting Game/Preview Content\"";
				DEVELOPMENT_TEAM = 6J545B82JH;
				ENABLE_PREVIEWS = YES;
				GENERATE_INFOPLIST_FILE = YES;
				INFOPLIST_KEY_UIApplicationSceneManifest_Generation = YES;
				INFOPLIST_KEY_UIApplicationSupportsIndirectInputEvents = YES;
				INFOPLIST_KEY_UILaunchScreen_Generation = YES;
				INFOPLIST_KEY_UISupportedInterfaceOrientations_iPad = "UIInterfaceOrientationPortrait UIInterfaceOrientationPortraitUpsideDown UIInterfaceOrientationLandscapeLeft UIInterfaceOrientationLandscapeRight";
				INFOPLIST_KEY_UISupportedInterfaceOrientations_iPhone = "UIInterfaceOrientationPortrait UIInterfaceOrientationLandscapeLeft UIInterfaceOrientationLandscapeRight";
				LD_RUNPATH_SEARCH_PATHS = (
					"$(inherited)",
					"@executable_path/Frameworks",
				);
				MARKETING_VERSION = 1.0;
				PRODUCT_BUNDLE_IDENTIFIER = "jp.ac.jec.cm.Shooting-Game";
				PRODUCT_NAME = "$(TARGET_NAME)";
				SWIFT_EMIT_LOC_STRINGS = YES;
				SWIFT_VERSION = 5.0;
				TARGETED_DEVICE_FAMILY = "1,2";
			};
			name = Release;
		};
/* End XCBuildConfiguration section */

/* Begin XCConfigurationList section */
		7F6FC3BE28C6D5CB009A53D7 /* Build configuration list for PBXProject "Shooting Game" */ = {
			isa = XCConfigurationList;
			buildConfigurations = (
				7F6FC3CF28C6D5CD009A53D7 /* Debug */,
				7F6FC3D028C6D5CD009A53D7 /* Release */,
			);
			defaultConfigurationIsVisible = 0;
			defaultConfigurationName = Release;
		};
		7F6FC3D128C6D5CD009A53D7 /* Build configuration list for PBXNativeTarget "Shooting Game" */ = {
			isa = XCConfigurationList;
			buildConfigurations = (
				7F6FC3D228C6D5CD009A53D7 /* Debug */,
				7F6FC3D328C6D5CD009A53D7 /* Release */,
			);
			defaultConfigurationIsVisible = 0;
			defaultConfigurationName = Release;
		};
/* End XCConfigurationList section */
	};
	rootObject = 7F6FC3BB28C6D5CB009A53D7 /* Project object */;
}
